
Microsoft Visual Studio Solution File, Format Version 12.00
Project("{FAE04EC0-301F-11D3-BF4B-00C04F79EFBC}") = "task1", "task1\task1.csproj", "{D6E4CB8D-433A-45C2-80A5-B32AA3DB1282}"
EndProject
Project("{FAE04EC0-301F-11D3-BF4B-00C04F79EFBC}") = "WinApiClassLibrary", "WinApiClassLibrary\WinApiClassLibrary.csproj", "{A14E6A9C-6ECA-4BA2-A3D5-497A7829839C}"
EndProject
Project("{FAE04EC0-301F-11D3-BF4B-00C04F79EFBC}") = "task3", "task3\task3.csproj", "{BD674219-5560-4FC8-92F5-A643F1D278B7}"
EndProject
Project("{FAE04EC0-301F-11D3-BF4B-00C04F79EFBC}") = "task2", "task2\task2.csproj", "{918F78B8-52FA-44D9-B179-E6BB29CA32F2}"
EndProject
Project("{FAE04EC0-301F-11D3-BF4B-00C04F79EFBC}") = "task4Library", "task4Library\task4Library.csproj", "{BFD703DC-7CA3-4873-87C6-784CCBC4E584}"
EndProject
Project("{FAE04EC0-301F-11D3-BF4B-00C04F79EFBC}") = "task4", "task4\task4.csproj", "{2B270028-277A-4CDC-B69A-DC7EBEABDDD2}"
EndProject
Global
	GlobalSection(SolutionConfigurationPlatforms) = preSolution
		Debug|Any CPU = Debug|Any CPU
		Release|Any CPU = Release|Any CPU
	EndGlobalSection
	GlobalSection(ProjectConfigurationPlatforms) = postSolution
		{D6E4CB8D-433A-45C2-80A5-B32AA3DB1282}.Debug|Any CPU.ActiveCfg = Debug|Any CPU
		{D6E4CB8D-433A-45C2-80A5-B32AA3DB1282}.Debug|Any CPU.Build.0 = Debug|Any CPU
		{D6E4CB8D-433A-45C2-80A5-B32AA3DB1282}.Release|Any CPU.ActiveCfg = Release|Any CPU
		{D6E4CB8D-433A-45C2-80A5-B32AA3DB1282}.Release|Any CPU.Build.0 = Release|Any CPU
		{A14E6A9C-6ECA-4BA2-A3D5-497A7829839C}.Debug|Any CPU.ActiveCfg = Debug|Any CPU
		{A14E6A9C-6ECA-4BA2-A3D5-497A7829839C}.Debug|Any CPU.Build.0 = Debug|Any CPU
		{A14E6A9C-6ECA-4BA2-A3D5-497A7829839C}.Release|Any CPU.ActiveCfg = Release|Any CPU
		{A14E6A9C-6ECA-4BA2-A3D5-497A7829839C}.Release|Any CPU.Build.0 = Release|Any CPU
		{BD674219-5560-4FC8-92F5-A643F1D278B7}.Debug|Any CPU.ActiveCfg = Debug|Any CPU
		{BD674219-5560-4FC8-92F5-A643F1D278B7}.Debug|Any CPU.Build.0 = Debug|Any CPU
		{BD674219-5560-4FC8-92F5-A643F1D278B7}.Release|Any CPU.ActiveCfg = Release|Any CPU
		{BD674219-5560-4FC8-92F5-A643F1D278B7}.Release|Any CPU.Build.0 = Release|Any CPU
		{918F78B8-52FA-44D9-B179-E6BB29CA32F2}.Debug|Any CPU.ActiveCfg = Debug|Any CPU
		{918F78B8-52FA-44D9-B179-E6BB29CA32F2}.Debug|Any CPU.Build.0 = Debug|Any CPU
		{918F78B8-52FA-44D9-B179-E6BB29CA32F2}.Release|Any CPU.ActiveCfg = Release|Any CPU
		{918F78B8-52FA-44D9-B179-E6BB29CA32F2}.Release|Any CPU.Build.0 = Release|Any CPU
		{BFD703DC-7CA3-4873-87C6-784CCBC4E584}.Debug|Any CPU.ActiveCfg = Debug|Any CPU
		{BFD703DC-7CA3-4873-87C6-784CCBC4E584}.Debug|Any CPU.Build.0 = Debug|Any CPU
		{BFD703DC-7CA3-4873-87C6-784CCBC4E584}.Release|Any CPU.ActiveCfg = Release|Any CPU
		{BFD703DC-7CA3-4873-87C6-784CCBC4E584}.Release|Any CPU.Build.0 = Release|Any CPU
		{2B270028-277A-4CDC-B69A-DC7EBEABDDD2}.Debug|Any CPU.ActiveCfg = Debug|Any CPU
		{2B270028-277A-4CDC-B69A-DC7EBEABDDD2}.Debug|Any CPU.Build.0 = Debug|Any CPU
		{2B270028-277A-4CDC-B69A-DC7EBEABDDD2}.Release|Any CPU.ActiveCfg = Release|Any CPU
		{2B270028-277A-4CDC-B69A-DC7EBEABDDD2}.Release|Any CPU.Build.0 = Release|Any CPU
	EndGlobalSection
EndGlobal
